// !$*UTF8*$!
{
	archiveVersion = 1;
	classes = {
	};
	objectVersion = 46;
	objects = {

/* Begin PBXBuildFile section */
		88400257145535D60038152E /* UIKit.framework in Frameworks */ = {isa = PBXBuildFile; fileRef = 88400256145535D60038152E /* UIKit.framework */; };
		88400259145535D60038152E /* Foundation.framework in Frameworks */ = {isa = PBXBuildFile; fileRef = 88400258145535D60038152E /* Foundation.framework */; };
		8840025B145535D60038152E /* CoreGraphics.framework in Frameworks */ = {isa = PBXBuildFile; fileRef = 8840025A145535D60038152E /* CoreGraphics.framework */; };
		88400261145535D60038152E /* InfoPlist.strings in Resources */ = {isa = PBXBuildFile; fileRef = 8840025F145535D60038152E /* InfoPlist.strings */; };
		88400263145535D60038152E /* main.m in Sources */ = {isa = PBXBuildFile; fileRef = 88400262145535D60038152E /* main.m */; };
		88400267145535D60038152E /* PiptureFoundationsAppDelegate.m in Sources */ = {isa = PBXBuildFile; fileRef = 88400266145535D60038152E /* PiptureFoundationsAppDelegate.m */; };
		8840026A145535D60038152E /* MainWindow.xib in Resources */ = {isa = PBXBuildFile; fileRef = 88400268145535D60038152E /* MainWindow.xib */; };
		88400278145535D60038152E /* SenTestingKit.framework in Frameworks */ = {isa = PBXBuildFile; fileRef = 88400277145535D60038152E /* SenTestingKit.framework */; };
		88400279145535D60038152E /* UIKit.framework in Frameworks */ = {isa = PBXBuildFile; fileRef = 88400256145535D60038152E /* UIKit.framework */; };
		8840027A145535D60038152E /* Foundation.framework in Frameworks */ = {isa = PBXBuildFile; fileRef = 88400258145535D60038152E /* Foundation.framework */; };
		8840027B145535D60038152E /* CoreGraphics.framework in Frameworks */ = {isa = PBXBuildFile; fileRef = 8840025A145535D60038152E /* CoreGraphics.framework */; };
		88400283145535D60038152E /* InfoPlist.strings in Resources */ = {isa = PBXBuildFile; fileRef = 88400281145535D60038152E /* InfoPlist.strings */; };
		88400285145535D60038152E /* PiptureFoundationsTests.h in Resources */ = {isa = PBXBuildFile; fileRef = 88400284145535D60038152E /* PiptureFoundationsTests.h */; };
		88400287145535D60038152E /* PiptureFoundationsTests.m in Sources */ = {isa = PBXBuildFile; fileRef = 88400286145535D60038152E /* PiptureFoundationsTests.m */; };
		8840029A14553DF60038152E /* VideoViewController.m in Sources */ = {isa = PBXBuildFile; fileRef = 8840029914553DF60038152E /* VideoViewController.m */; };
		8840029C14553E560038152E /* VideoView.xib in Resources */ = {isa = PBXBuildFile; fileRef = 8840029B14553E560038152E /* VideoView.xib */; };
		887B04E214567FFE00BA8EC0 /* ListViewController.m in Sources */ = {isa = PBXBuildFile; fileRef = 887B04E014567FFE00BA8EC0 /* ListViewController.m */; };
		887B04E314567FFE00BA8EC0 /* ListView.xib in Resources */ = {isa = PBXBuildFile; fileRef = 887B04E114567FFE00BA8EC0 /* ListView.xib */; };
		887B04E91456D0A800BA8EC0 /* ListHeaderController.m in Sources */ = {isa = PBXBuildFile; fileRef = 887B04E71456D0A800BA8EC0 /* ListHeaderController.m */; };
		887B04EA1456D0A800BA8EC0 /* ListHeader.xib in Resources */ = {isa = PBXBuildFile; fileRef = 887B04E81456D0A800BA8EC0 /* ListHeader.xib */; };
		887B04EC1456E47000BA8EC0 /* Vincent.png in Resources */ = {isa = PBXBuildFile; fileRef = 887B04EB1456E47000BA8EC0 /* Vincent.png */; };
		887B04EF1456F44E00BA8EC0 /* UICustomNavigationBar.m in Sources */ = {isa = PBXBuildFile; fileRef = 887B04EE1456F44E00BA8EC0 /* UICustomNavigationBar.m */; };
		88892EE714584961006DE62B /* listImage.png in Resources */ = {isa = PBXBuildFile; fileRef = 88892EE614584961006DE62B /* listImage.png */; };
		88A973031455456600D8CE90 /* MediaPlayer.framework in Frameworks */ = {isa = PBXBuildFile; fileRef = 88A973021455456600D8CE90 /* MediaPlayer.framework */; };
		88A973061455467100D8CE90 /* sample_iPod.m4v in Resources */ = {isa = PBXBuildFile; fileRef = 88A973051455467100D8CE90 /* sample_iPod.m4v */; };
		88A9730D1455719300D8CE90 /* portrait.m4v in Resources */ = {isa = PBXBuildFile; fileRef = 88A9730C1455719300D8CE90 /* portrait.m4v */; };
		88DB37B31459160A00475680 /* ListViewCell.xib in Resources */ = {isa = PBXBuildFile; fileRef = 88DB37B21459160A00475680 /* ListViewCell.xib */; };
/* End PBXBuildFile section */

/* Begin PBXContainerItemProxy section */
		8840027C145535D60038152E /* PBXContainerItemProxy */ = {
			isa = PBXContainerItemProxy;
			containerPortal = 88400249145535D50038152E /* Project object */;
			proxyType = 1;
			remoteGlobalIDString = 88400251145535D50038152E;
			remoteInfo = PiptureFoundations;
		};
/* End PBXContainerItemProxy section */

/* Begin PBXFileReference section */
		88400252145535D50038152E /* PiptureFoundations.app */ = {isa = PBXFileReference; explicitFileType = wrapper.application; includeInIndex = 0; path = PiptureFoundations.app; sourceTree = BUILT_PRODUCTS_DIR; };
		88400256145535D60038152E /* UIKit.framework */ = {isa = PBXFileReference; lastKnownFileType = wrapper.framework; name = UIKit.framework; path = System/Library/Frameworks/UIKit.framework; sourceTree = SDKROOT; };
		88400258145535D60038152E /* Foundation.framework */ = {isa = PBXFileReference; lastKnownFileType = wrapper.framework; name = Foundation.framework; path = System/Library/Frameworks/Foundation.framework; sourceTree = SDKROOT; };
		8840025A145535D60038152E /* CoreGraphics.framework */ = {isa = PBXFileReference; lastKnownFileType = wrapper.framework; name = CoreGraphics.framework; path = System/Library/Frameworks/CoreGraphics.framework; sourceTree = SDKROOT; };
		8840025E145535D60038152E /* PiptureFoundations-Info.plist */ = {isa = PBXFileReference; lastKnownFileType = text.plist.xml; path = "PiptureFoundations-Info.plist"; sourceTree = "<group>"; };
		88400260145535D60038152E /* en */ = {isa = PBXFileReference; lastKnownFileType = text.plist.strings; name = en; path = en.lproj/InfoPlist.strings; sourceTree = "<group>"; };
		88400262145535D60038152E /* main.m */ = {isa = PBXFileReference; lastKnownFileType = sourcecode.c.objc; path = main.m; sourceTree = "<group>"; };
		88400264145535D60038152E /* PiptureFoundations-Prefix.pch */ = {isa = PBXFileReference; lastKnownFileType = sourcecode.c.h; path = "PiptureFoundations-Prefix.pch"; sourceTree = "<group>"; };
		88400265145535D60038152E /* PiptureFoundationsAppDelegate.h */ = {isa = PBXFileReference; lastKnownFileType = sourcecode.c.h; path = PiptureFoundationsAppDelegate.h; sourceTree = "<group>"; };
		88400266145535D60038152E /* PiptureFoundationsAppDelegate.m */ = {isa = PBXFileReference; lastKnownFileType = sourcecode.c.objc; path = PiptureFoundationsAppDelegate.m; sourceTree = "<group>"; };
		88400269145535D60038152E /* en */ = {isa = PBXFileReference; lastKnownFileType = file.xib; name = en; path = en.lproj/MainWindow.xib; sourceTree = "<group>"; };
		88400276145535D60038152E /* PiptureFoundationsTests.octest */ = {isa = PBXFileReference; explicitFileType = wrapper.cfbundle; includeInIndex = 0; path = PiptureFoundationsTests.octest; sourceTree = BUILT_PRODUCTS_DIR; };
		88400277145535D60038152E /* SenTestingKit.framework */ = {isa = PBXFileReference; lastKnownFileType = wrapper.framework; name = SenTestingKit.framework; path = Library/Frameworks/SenTestingKit.framework; sourceTree = DEVELOPER_DIR; };
		88400280145535D60038152E /* PiptureFoundationsTests-Info.plist */ = {isa = PBXFileReference; lastKnownFileType = text.plist.xml; path = "PiptureFoundationsTests-Info.plist"; sourceTree = "<group>"; };
		88400282145535D60038152E /* en */ = {isa = PBXFileReference; lastKnownFileType = text.plist.strings; name = en; path = en.lproj/InfoPlist.strings; sourceTree = "<group>"; };
		88400284145535D60038152E /* PiptureFoundationsTests.h */ = {isa = PBXFileReference; lastKnownFileType = sourcecode.c.h; path = PiptureFoundationsTests.h; sourceTree = "<group>"; };
		88400286145535D60038152E /* PiptureFoundationsTests.m */ = {isa = PBXFileReference; lastKnownFileType = sourcecode.c.objc; path = PiptureFoundationsTests.m; sourceTree = "<group>"; };
		8840029814553DF60038152E /* VideoViewController.h */ = {isa = PBXFileReference; fileEncoding = 4; lastKnownFileType = sourcecode.c.h; path = VideoViewController.h; sourceTree = "<group>"; };
		8840029914553DF60038152E /* VideoViewController.m */ = {isa = PBXFileReference; fileEncoding = 4; lastKnownFileType = sourcecode.c.objc; path = VideoViewController.m; sourceTree = "<group>"; };
		8840029B14553E560038152E /* VideoView.xib */ = {isa = PBXFileReference; fileEncoding = 4; lastKnownFileType = file.xib; name = VideoView.xib; path = ../VideoView.xib; sourceTree = "<group>"; };
		887B04DF14567FFE00BA8EC0 /* ListViewController.h */ = {isa = PBXFileReference; fileEncoding = 4; lastKnownFileType = sourcecode.c.h; path = ListViewController.h; sourceTree = "<group>"; };
		887B04E014567FFE00BA8EC0 /* ListViewController.m */ = {isa = PBXFileReference; fileEncoding = 4; lastKnownFileType = sourcecode.c.objc; path = ListViewController.m; sourceTree = "<group>"; };
		887B04E114567FFE00BA8EC0 /* ListView.xib */ = {isa = PBXFileReference; fileEncoding = 4; lastKnownFileType = file.xib; path = ListView.xib; sourceTree = "<group>"; };
		887B04E61456D0A800BA8EC0 /* ListHeaderController.h */ = {isa = PBXFileReference; fileEncoding = 4; lastKnownFileType = sourcecode.c.h; path = ListHeaderController.h; sourceTree = "<group>"; };
		887B04E71456D0A800BA8EC0 /* ListHeaderController.m */ = {isa = PBXFileReference; fileEncoding = 4; lastKnownFileType = sourcecode.c.objc; path = ListHeaderController.m; sourceTree = "<group>"; };
		887B04E81456D0A800BA8EC0 /* ListHeader.xib */ = {isa = PBXFileReference; fileEncoding = 4; lastKnownFileType = file.xib; path = ListHeader.xib; sourceTree = "<group>"; };
		887B04EB1456E47000BA8EC0 /* Vincent.png */ = {isa = PBXFileReference; lastKnownFileType = image.png; path = Vincent.png; sourceTree = "<group>"; };
		887B04ED1456F44E00BA8EC0 /* UICustomNavigationBar.h */ = {isa = PBXFileReference; fileEncoding = 4; lastKnownFileType = sourcecode.c.h; path = UICustomNavigationBar.h; sourceTree = "<group>"; };
		887B04EE1456F44E00BA8EC0 /* UICustomNavigationBar.m */ = {isa = PBXFileReference; fileEncoding = 4; lastKnownFileType = sourcecode.c.objc; path = UICustomNavigationBar.m; sourceTree = "<group>"; };
		88892EE614584961006DE62B /* listImage.png */ = {isa = PBXFileReference; lastKnownFileType = image.png; path = listImage.png; sourceTree = "<group>"; };
		88A973021455456600D8CE90 /* MediaPlayer.framework */ = {isa = PBXFileReference; lastKnownFileType = wrapper.framework; name = MediaPlayer.framework; path = System/Library/Frameworks/MediaPlayer.framework; sourceTree = SDKROOT; };
		88A973051455467100D8CE90 /* sample_iPod.m4v */ = {isa = PBXFileReference; lastKnownFileType = file; path = sample_iPod.m4v; sourceTree = "<group>"; };
		88A9730C1455719300D8CE90 /* portrait.m4v */ = {isa = PBXFileReference; lastKnownFileType = file; path = portrait.m4v; sourceTree = "<group>"; };
		88DB37B21459160A00475680 /* ListViewCell.xib */ = {isa = PBXFileReference; fileEncoding = 4; lastKnownFileType = file.xib; path = ListViewCell.xib; sourceTree = "<group>"; };
/* End PBXFileReference section */

/* Begin PBXFrameworksBuildPhase section */
		8840024F145535D50038152E /* Frameworks */ = {
			isa = PBXFrameworksBuildPhase;
			buildActionMask = 2147483647;
			files = (
				88400257145535D60038152E /* UIKit.framework in Frameworks */,
				88400259145535D60038152E /* Foundation.framework in Frameworks */,
				8840025B145535D60038152E /* CoreGraphics.framework in Frameworks */,
				88A973031455456600D8CE90 /* MediaPlayer.framework in Frameworks */,
			);
			runOnlyForDeploymentPostprocessing = 0;
		};
		88400272145535D60038152E /* Frameworks */ = {
			isa = PBXFrameworksBuildPhase;
			buildActionMask = 2147483647;
			files = (
				88400278145535D60038152E /* SenTestingKit.framework in Frameworks */,
				88400279145535D60038152E /* UIKit.framework in Frameworks */,
				8840027A145535D60038152E /* Foundation.framework in Frameworks */,
				8840027B145535D60038152E /* CoreGraphics.framework in Frameworks */,
			);
			runOnlyForDeploymentPostprocessing = 0;
		};
/* End PBXFrameworksBuildPhase section */

/* Begin PBXGroup section */
		88400247145535D50038152E = {
			isa = PBXGroup;
			children = (
				8840025C145535D60038152E /* PiptureFoundations */,
				8840027E145535D60038152E /* PiptureFoundationsTests */,
				88A973041455467100D8CE90 /* Resources */,
				88400255145535D60038152E /* Frameworks */,
				88400253145535D50038152E /* Products */,
			);
			sourceTree = "<group>";
		};
		88400253145535D50038152E /* Products */ = {
			isa = PBXGroup;
			children = (
				88400252145535D50038152E /* PiptureFoundations.app */,
				88400276145535D60038152E /* PiptureFoundationsTests.octest */,
			);
			name = Products;
			sourceTree = "<group>";
		};
		88400255145535D60038152E /* Frameworks */ = {
			isa = PBXGroup;
			children = (
				88A973021455456600D8CE90 /* MediaPlayer.framework */,
				88400256145535D60038152E /* UIKit.framework */,
				88400258145535D60038152E /* Foundation.framework */,
				8840025A145535D60038152E /* CoreGraphics.framework */,
				88400277145535D60038152E /* SenTestingKit.framework */,
			);
			name = Frameworks;
			sourceTree = "<group>";
		};
		8840025C145535D60038152E /* PiptureFoundations */ = {
			isa = PBXGroup;
			children = (
				88400265145535D60038152E /* PiptureFoundationsAppDelegate.h */,
				88400266145535D60038152E /* PiptureFoundationsAppDelegate.m */,
				88400268145535D60038152E /* MainWindow.xib */,
				8840029814553DF60038152E /* VideoViewController.h */,
				8840029914553DF60038152E /* VideoViewController.m */,
				8840029B14553E560038152E /* VideoView.xib */,
				8840025D145535D60038152E /* Supporting Files */,
				887B04DF14567FFE00BA8EC0 /* ListViewController.h */,
				887B04E014567FFE00BA8EC0 /* ListViewController.m */,
				887B04E114567FFE00BA8EC0 /* ListView.xib */,
				88DB37B21459160A00475680 /* ListViewCell.xib */,
				887B04E61456D0A800BA8EC0 /* ListHeaderController.h */,
				887B04E71456D0A800BA8EC0 /* ListHeaderController.m */,
				887B04E81456D0A800BA8EC0 /* ListHeader.xib */,
				887B04ED1456F44E00BA8EC0 /* UICustomNavigationBar.h */,
				887B04EE1456F44E00BA8EC0 /* UICustomNavigationBar.m */,
			);
			path = PiptureFoundations;
			sourceTree = "<group>";
		};
		8840025D145535D60038152E /* Supporting Files */ = {
			isa = PBXGroup;
			children = (
				8840025E145535D60038152E /* PiptureFoundations-Info.plist */,
				8840025F145535D60038152E /* InfoPlist.strings */,
				88400262145535D60038152E /* main.m */,
				88400264145535D60038152E /* PiptureFoundations-Prefix.pch */,
			);
			name = "Supporting Files";
			sourceTree = "<group>";
		};
		8840027E145535D60038152E /* PiptureFoundationsTests */ = {
			isa = PBXGroup;
			children = (
				88400284145535D60038152E /* PiptureFoundationsTests.h */,
				88400286145535D60038152E /* PiptureFoundationsTests.m */,
				8840027F145535D60038152E /* Supporting Files */,
			);
			path = PiptureFoundationsTests;
			sourceTree = "<group>";
		};
		8840027F145535D60038152E /* Supporting Files */ = {
			isa = PBXGroup;
			children = (
				88400280145535D60038152E /* PiptureFoundationsTests-Info.plist */,
				88400281145535D60038152E /* InfoPlist.strings */,
			);
			name = "Supporting Files";
			sourceTree = "<group>";
		};
		88A973041455467100D8CE90 /* Resources */ = {
			isa = PBXGroup;
			children = (
				88892EE614584961006DE62B /* listImage.png */,
				887B04EB1456E47000BA8EC0 /* Vincent.png */,
				88A9730C1455719300D8CE90 /* portrait.m4v */,
				88A973051455467100D8CE90 /* sample_iPod.m4v */,
			);
			path = Resources;
			sourceTree = "<group>";
		};
/* End PBXGroup section */

/* Begin PBXNativeTarget section */
		88400251145535D50038152E /* PiptureFoundations */ = {
			isa = PBXNativeTarget;
			buildConfigurationList = 8840028A145535D60038152E /* Build configuration list for PBXNativeTarget "PiptureFoundations" */;
			buildPhases = (
				8840024E145535D50038152E /* Sources */,
				8840024F145535D50038152E /* Frameworks */,
				88400250145535D50038152E /* Resources */,
			);
			buildRules = (
			);
			dependencies = (
			);
			name = PiptureFoundations;
			productName = PiptureFoundations;
			productReference = 88400252145535D50038152E /* PiptureFoundations.app */;
			productType = "com.apple.product-type.application";
		};
		88400275145535D60038152E /* PiptureFoundationsTests */ = {
			isa = PBXNativeTarget;
			buildConfigurationList = 8840028D145535D60038152E /* Build configuration list for PBXNativeTarget "PiptureFoundationsTests" */;
			buildPhases = (
				88400271145535D60038152E /* Sources */,
				88400272145535D60038152E /* Frameworks */,
				88400273145535D60038152E /* Resources */,
				88400274145535D60038152E /* ShellScript */,
			);
			buildRules = (
			);
			dependencies = (
				8840027D145535D60038152E /* PBXTargetDependency */,
			);
			name = PiptureFoundationsTests;
			productName = PiptureFoundationsTests;
			productReference = 88400276145535D60038152E /* PiptureFoundationsTests.octest */;
			productType = "com.apple.product-type.bundle";
		};
/* End PBXNativeTarget section */

/* Begin PBXProject section */
		88400249145535D50038152E /* Project object */ = {
			isa = PBXProject;
			attributes = {
				ORGANIZATIONNAME = "Thumbtack Technology";
			};
			buildConfigurationList = 8840024C145535D50038152E /* Build configuration list for PBXProject "PiptureFoundations" */;
			compatibilityVersion = "Xcode 3.2";
			developmentRegion = English;
			hasScannedForEncodings = 0;
			knownRegions = (
				en,
			);
			mainGroup = 88400247145535D50038152E;
			productRefGroup = 88400253145535D50038152E /* Products */;
			projectDirPath = "";
			projectRoot = "";
			targets = (
				88400251145535D50038152E /* PiptureFoundations */,
				88400275145535D60038152E /* PiptureFoundationsTests */,
			);
		};
/* End PBXProject section */

/* Begin PBXResourcesBuildPhase section */
		88400250145535D50038152E /* Resources */ = {
			isa = PBXResourcesBuildPhase;
			buildActionMask = 2147483647;
			files = (
				88400261145535D60038152E /* InfoPlist.strings in Resources */,
				8840026A145535D60038152E /* MainWindow.xib in Resources */,
				8840029C14553E560038152E /* VideoView.xib in Resources */,
				88A973061455467100D8CE90 /* sample_iPod.m4v in Resources */,
				88A9730D1455719300D8CE90 /* portrait.m4v in Resources */,
				887B04E314567FFE00BA8EC0 /* ListView.xib in Resources */,
				887B04EA1456D0A800BA8EC0 /* ListHeader.xib in Resources */,
				887B04EC1456E47000BA8EC0 /* Vincent.png in Resources */,
				88892EE714584961006DE62B /* listImage.png in Resources */,
				88DB37B31459160A00475680 /* ListViewCell.xib in Resources */,
			);
			runOnlyForDeploymentPostprocessing = 0;
		};
		88400273145535D60038152E /* Resources */ = {
			isa = PBXResourcesBuildPhase;
			buildActionMask = 2147483647;
			files = (
				88400283145535D60038152E /* InfoPlist.strings in Resources */,
				88400285145535D60038152E /* PiptureFoundationsTests.h in Resources */,
			);
			runOnlyForDeploymentPostprocessing = 0;
		};
/* End PBXResourcesBuildPhase section */

/* Begin PBXShellScriptBuildPhase section */
		88400274145535D60038152E /* ShellScript */ = {
			isa = PBXShellScriptBuildPhase;
			buildActionMask = 2147483647;
			files = (
			);
			inputPaths = (
			);
			outputPaths = (
			);
			runOnlyForDeploymentPostprocessing = 0;
			shellPath = /bin/sh;
			shellScript = "# Run the unit tests in this test bundle.\n\"${SYSTEM_DEVELOPER_DIR}/Tools/RunUnitTests\"\n";
		};
/* End PBXShellScriptBuildPhase section */

/* Begin PBXSourcesBuildPhase section */
		8840024E145535D50038152E /* Sources */ = {
			isa = PBXSourcesBuildPhase;
			buildActionMask = 2147483647;
			files = (
				88400263145535D60038152E /* main.m in Sources */,
				88400267145535D60038152E /* PiptureFoundationsAppDelegate.m in Sources */,
				8840029A14553DF60038152E /* VideoViewController.m in Sources */,
				887B04E214567FFE00BA8EC0 /* ListViewController.m in Sources */,
				887B04E91456D0A800BA8EC0 /* ListHeaderController.m in Sources */,
				887B04EF1456F44E00BA8EC0 /* UICustomNavigationBar.m in Sources */,
			);
			runOnlyForDeploymentPostprocessing = 0;
		};
		88400271145535D60038152E /* Sources */ = {
			isa = PBXSourcesBuildPhase;
			buildActionMask = 2147483647;
			files = (
				88400287145535D60038152E /* PiptureFoundationsTests.m in Sources */,
			);
			runOnlyForDeploymentPostprocessing = 0;
		};
/* End PBXSourcesBuildPhase section */

/* Begin PBXTargetDependency section */
		8840027D145535D60038152E /* PBXTargetDependency */ = {
			isa = PBXTargetDependency;
			target = 88400251145535D50038152E /* PiptureFoundations */;
			targetProxy = 8840027C145535D60038152E /* PBXContainerItemProxy */;
		};
/* End PBXTargetDependency section */

/* Begin PBXVariantGroup section */
		8840025F145535D60038152E /* InfoPlist.strings */ = {
			isa = PBXVariantGroup;
			children = (
				88400260145535D60038152E /* en */,
			);
			name = InfoPlist.strings;
			sourceTree = "<group>";
		};
		88400268145535D60038152E /* MainWindow.xib */ = {
			isa = PBXVariantGroup;
			children = (
				88400269145535D60038152E /* en */,
			);
			name = MainWindow.xib;
			sourceTree = "<group>";
		};
		88400281145535D60038152E /* InfoPlist.strings */ = {
			isa = PBXVariantGroup;
			children = (
				88400282145535D60038152E /* en */,
			);
			name = InfoPlist.strings;
			sourceTree = "<group>";
		};
/* End PBXVariantGroup section */

/* Begin XCBuildConfiguration section */
		88400288145535D60038152E /* Debug */ = {
			isa = XCBuildConfiguration;
			buildSettings = {
				ALWAYS_SEARCH_USER_PATHS = NO;
				ARCHS = "$(ARCHS_STANDARD_32_BIT)";
				"CODE_SIGN_IDENTITY[sdk=iphoneos*]" = "iPhone Developer";
				COPY_PHASE_STRIP = NO;
				GCC_C_LANGUAGE_STANDARD = gnu99;
				GCC_DYNAMIC_NO_PIC = NO;
				GCC_OPTIMIZATION_LEVEL = 0;
				GCC_PREPROCESSOR_DEFINITIONS = (
					"DEBUG=1",
					"$(inherited)",
				);
				GCC_SYMBOLS_PRIVATE_EXTERN = NO;
				GCC_VERSION = com.apple.compilers.llvmgcc42;
				GCC_WARN_ABOUT_MISSING_PROTOTYPES = YES;
				GCC_WARN_ABOUT_RETURN_TYPE = YES;
				GCC_WARN_UNUSED_VARIABLE = YES;
				IPHONEOS_DEPLOYMENT_TARGET = 4.3;
				SDKROOT = iphoneos;
			};
			name = Debug;
		};
		88400289145535D60038152E /* Release */ = {
			isa = XCBuildConfiguration;
			buildSettings = {
				ALWAYS_SEARCH_USER_PATHS = NO;
				ARCHS = "$(ARCHS_STANDARD_32_BIT)";
				"CODE_SIGN_IDENTITY[sdk=iphoneos*]" = "iPhone Developer";
				COPY_PHASE_STRIP = YES;
				GCC_C_LANGUAGE_STANDARD = gnu99;
				GCC_VERSION = com.apple.compilers.llvmgcc42;
				GCC_WARN_ABOUT_MISSING_PROTOTYPES = YES;
				GCC_WARN_ABOUT_RETURN_TYPE = YES;
				GCC_WARN_UNUSED_VARIABLE = YES;
				IPHONEOS_DEPLOYMENT_TARGET = 4.3;
				OTHER_CFLAGS = "-DNS_BLOCK_ASSERTIONS=1";
				SDKROOT = iphoneos;
				VALIDATE_PRODUCT = YES;
			};
			name = Release;
		};
		8840028B145535D60038152E /* Debug */ = {
			isa = XCBuildConfiguration;
			buildSettings = {
				GCC_PRECOMPILE_PREFIX_HEADER = YES;
				GCC_PREFIX_HEADER = "PiptureFoundations/PiptureFoundations-Prefix.pch";
				INFOPLIST_FILE = "PiptureFoundations/PiptureFoundations-Info.plist";
				IPHONEOS_DEPLOYMENT_TARGET = 4.3;
				PRODUCT_NAME = "$(TARGET_NAME)";
				TARGETED_DEVICE_FAMILY = 1;
				WRAPPER_EXTENSION = app;
			};
			name = Debug;
		};
		8840028C145535D60038152E /* Release */ = {
			isa = XCBuildConfiguration;
			buildSettings = {
				GCC_PRECOMPILE_PREFIX_HEADER = YES;
				GCC_PREFIX_HEADER = "PiptureFoundations/PiptureFoundations-Prefix.pch";
				INFOPLIST_FILE = "PiptureFoundations/PiptureFoundations-Info.plist";
				IPHONEOS_DEPLOYMENT_TARGET = 4.3;
				PRODUCT_NAME = "$(TARGET_NAME)";
				TARGETED_DEVICE_FAMILY = 1;
				WRAPPER_EXTENSION = app;
			};
			name = Release;
		};
		8840028E145535D60038152E /* Debug */ = {
			isa = XCBuildConfiguration;
			buildSettings = {
				BUNDLE_LOADER = "$(BUILT_PRODUCTS_DIR)/PiptureFoundations.app/PiptureFoundations";
				FRAMEWORK_SEARCH_PATHS = (
					"$(SDKROOT)/Developer/Library/Frameworks",
					"$(DEVELOPER_LIBRARY_DIR)/Frameworks",
				);
				GCC_PRECOMPILE_PREFIX_HEADER = YES;
				GCC_PREFIX_HEADER = "PiptureFoundations/PiptureFoundations-Prefix.pch";
				INFOPLIST_FILE = "PiptureFoundationsTests/PiptureFoundationsTests-Info.plist";
				PRODUCT_NAME = "$(TARGET_NAME)";
				TEST_HOST = "$(BUNDLE_LOADER)";
				WRAPPER_EXTENSION = octest;
			};
			name = Debug;
		};
		8840028F145535D60038152E /* Release */ = {
			isa = XCBuildConfiguration;
			buildSettings = {
				BUNDLE_LOADER = "$(BUILT_PRODUCTS_DIR)/PiptureFoundations.app/PiptureFoundations";
				FRAMEWORK_SEARCH_PATHS = (
					"$(SDKROOT)/Developer/Library/Frameworks",
					"$(DEVELOPER_LIBRARY_DIR)/Frameworks",
				);
				GCC_PRECOMPILE_PREFIX_HEADER = YES;
				GCC_PREFIX_HEADER = "PiptureFoundations/PiptureFoundations-Prefix.pch";
				INFOPLIST_FILE = "PiptureFoundationsTests/PiptureFoundationsTests-Info.plist";
				PRODUCT_NAME = "$(TARGET_NAME)";
				TEST_HOST = "$(BUNDLE_LOADER)";
				WRAPPER_EXTENSION = octest;
			};
			name = Release;
		};
/* End XCBuildConfiguration section */

/* Begin XCConfigurationList section */
		8840024C145535D50038152E /* Build configuration list for PBXProject "PiptureFoundations" */ = {
			isa = XCConfigurationList;
			buildConfigurations = (
				88400288145535D60038152E /* Debug */,
				88400289145535D60038152E /* Release */,
			);
			defaultConfigurationIsVisible = 0;
			defaultConfigurationName = Release;
		};
		8840028A145535D60038152E /* Build configuration list for PBXNativeTarget "PiptureFoundations" */ = {
			isa = XCConfigurationList;
			buildConfigurations = (
				8840028B145535D60038152E /* Debug */,
				8840028C145535D60038152E /* Release */,
			);
			defaultConfigurationIsVisible = 0;
			defaultConfigurationName = Release;
		};
		8840028D145535D60038152E /* Build configuration list for PBXNativeTarget "PiptureFoundationsTests" */ = {
			isa = XCConfigurationList;
			buildConfigurations = (
				8840028E145535D60038152E /* Debug */,
				8840028F145535D60038152E /* Release */,
			);
			defaultConfigurationIsVisible = 0;
			defaultConfigurationName = Release;
		};
/* End XCConfigurationList section */
	};
	rootObject = 88400249145535D50038152E /* Project object */;
}
